
Microsoft Visual Studio Solution File, Format Version 12.00
# Visual Studio Version 16
VisualStudioVersion = 16.0.31129.286
MinimumVisualStudioVersion = 10.0.40219.1
Project("{8BC9CEB8-8B4A-11D0-8D11-00A0C91BC942}") = "scanner", "..\compiler_example_code\scanner\scanner.vcxproj", "{EB2757DB-DEFE-4223-A4B6-56304C8CA007}"
EndProject
Global
	GlobalSection(SolutionConfigurationPlatforms) = preSolution
		Debug|x64 = Debug|x64
		Debug|x86 = Debug|x86
		Release|x64 = Release|x64
		Release|x86 = Release|x86
	EndGlobalSection
	GlobalSection(ProjectConfigurationPlatforms) = postSolution
		{EB2757DB-DEFE-4223-A4B6-56304C8CA007}.Debug|x64.ActiveCfg = Debug|x64
		{EB2757DB-DEFE-4223-A4B6-56304C8CA007}.Debug|x64.Build.0 = Debug|x64
		{EB2757DB-DEFE-4223-A4B6-56304C8CA007}.Debug|x86.ActiveCfg = Debug|Win32
		{EB2757DB-DEFE-4223-A4B6-56304C8CA007}.Debug|x86.Build.0 = Debug|Win32
		{EB2757DB-DEFE-4223-A4B6-56304C8CA007}.Release|x64.ActiveCfg = Release|x64
		{EB2757DB-DEFE-4223-A4B6-56304C8CA007}.Release|x64.Build.0 = Release|x64
		{EB2757DB-DEFE-4223-A4B6-56304C8CA007}.Release|x86.ActiveCfg = Release|Win32
		{EB2757DB-DEFE-4223-A4B6-56304C8CA007}.Release|x86.Build.0 = Release|Win32
	EndGlobalSection
	GlobalSection(SolutionProperties) = preSolution
		HideSolutionNode = FALSE
	EndGlobalSection
	GlobalSection(ExtensibilityGlobals) = postSolution
		SolutionGuid = {354A819B-E9FB-4B09-A224-30E9B1B5B020}
	EndGlobalSection
EndGlobal
